PODS:
  - XeeSDK (1.0.2):
    - XeeSDK/Model (= 1.0.2)
  - XeeSDK/Model (1.0.2)

DEPENDENCIES:
  - XeeSDK (from `../`)

EXTERNAL SOURCES:
  XeeSDK:
    :path: "../"

SPEC CHECKSUMS:
  XeeSDK: 037ef77219a0b4e2d2e18d8d3e5cdfd0a61a9649

PODFILE CHECKSUM: 6a0ead9fbeead6047a493581ab9929ab9ad24255

COCOAPODS: 1.2.1
