PODS:
  - AFDateHelper (4.1.2)
  - Alamofire (4.5.1)
  - AlamofireObjectMapper (5.0.0):
    - Alamofire (~> 4.1)
    - ObjectMapper (~> 3.0)
  - ObjectMapper (3.0.0)
  - XeeSDK (4.0.0):
    - AFDateHelper
    - AlamofireObjectMapper

DEPENDENCIES:
  - XeeSDK (from `../`)

EXTERNAL SOURCES:
  XeeSDK:
    :path: ../

SPEC CHECKSUMS:
  AFDateHelper: b19c83daa132e398b34fbea085a1554ce07adfe9
  Alamofire: 2d95912bf4c34f164fdfc335872e8c312acaea4a
  AlamofireObjectMapper: 5fafc816351cbbc0d486611aaeba7461c0cbad49
  ObjectMapper: 92230db59bf8f341a5c3a3cf0b9fbdde3cf0d87f
  XeeSDK: ae69cdcd42885c205a1b013a764401113a4a1cde

PODFILE CHECKSUM: b0697111066fb65c24b0b4826337ca83a629930a

COCOAPODS: 1.3.1
