PODS:
  - Xee-SDK (0.1.0):
    - Xee-SDK/Category (= 0.1.0)
    - Xee-SDK/Client (= 0.1.0)
    - Xee-SDK/Model (= 0.1.0)
    - Xee-SDK/Route (= 0.1.0)
    - Xee-SDK/UI (= 0.1.0)
  - Xee-SDK/Category (0.1.0)
  - Xee-SDK/Client (0.1.0)
  - Xee-SDK/Model (0.1.0)
  - Xee-SDK/Route (0.1.0)
  - Xee-SDK/UI (0.1.0)

DEPENDENCIES:
  - Xee-SDK (from `../`)

EXTERNAL SOURCES:
  Xee-SDK:
    :path: "../"

SPEC CHECKSUMS:
  Xee-SDK: 73843ec3839999e1189f02dc93f20df0fb24a9ea

PODFILE CHECKSUM: 78867a34d0c772e4bd1d4c892bb71d0a178ff584

COCOAPODS: 1.2.1
